
Microsoft Visual Studio Solution File, Format Version 12.00
# Visual Studio Version 17
VisualStudioVersion = 17.11.35431.28
MinimumVisualStudioVersion = 10.0.40219.1
Project("{FAE04EC0-301F-11D3-BF4B-00C04F79EFBC}") = "Proje_Hastane", "Proje_Hastane\Proje_Hastane.csproj", "{A6CC0486-2B43-4C05-B5C4-C7726480FD27}"
EndProject
Global
	GlobalSection(SolutionConfigurationPlatforms) = preSolution
		Debug|Any CPU = Debug|Any CPU
		Release|Any CPU = Release|Any CPU
	EndGlobalSection
	GlobalSection(ProjectConfigurationPlatforms) = postSolution
		{A6CC0486-2B43-4C05-B5C4-C7726480FD27}.Debug|Any CPU.ActiveCfg = Debug|Any CPU
		{A6CC0486-2B43-4C05-B5C4-C7726480FD27}.Debug|Any CPU.Build.0 = Debug|Any CPU
		{A6CC0486-2B43-4C05-B5C4-C7726480FD27}.Release|Any CPU.ActiveCfg = Release|Any CPU
		{A6CC0486-2B43-4C05-B5C4-C7726480FD27}.Release|Any CPU.Build.0 = Release|Any CPU
	EndGlobalSection
	GlobalSection(SolutionProperties) = preSolution
		HideSolutionNode = FALSE
	EndGlobalSection
	GlobalSection(ExtensibilityGlobals) = postSolution
		SolutionGuid = {F0DF0934-E0ED-4045-8C9C-1AF2A64248C2}
	EndGlobalSection
EndGlobal
